
Microsoft Visual Studio Solution File, Format Version 12.00
# Visual Studio Version 16
VisualStudioVersion = 16.0.32630.194
MinimumVisualStudioVersion = 10.0.40219.1
Project("{9A19103F-16F7-4668-BE54-9A1E7A4F7556}") = "TETRIS", "TETRIS\TETRIS.csproj", "{FDDA7C50-DE35-4081-8281-CB1C5B8D67AF}"
EndProject
Project("{FAE04EC0-301F-11D3-BF4B-00C04F79EFBC}") = "ConsoleApp1", "ConsoleApp1\ConsoleApp1.csproj", "{9151E08B-6AAA-4621-A7AC-F3A244C2C7D6}"
EndProject
Global
	GlobalSection(SolutionConfigurationPlatforms) = preSolution
		Debug|Any CPU = Debug|Any CPU
		Release|Any CPU = Release|Any CPU
	EndGlobalSection
	GlobalSection(ProjectConfigurationPlatforms) = postSolution
		{FDDA7C50-DE35-4081-8281-CB1C5B8D67AF}.Debug|Any CPU.ActiveCfg = Debug|Any CPU
		{FDDA7C50-DE35-4081-8281-CB1C5B8D67AF}.Debug|Any CPU.Build.0 = Debug|Any CPU
		{FDDA7C50-DE35-4081-8281-CB1C5B8D67AF}.Release|Any CPU.ActiveCfg = Release|Any CPU
		{FDDA7C50-DE35-4081-8281-CB1C5B8D67AF}.Release|Any CPU.Build.0 = Release|Any CPU
		{9151E08B-6AAA-4621-A7AC-F3A244C2C7D6}.Debug|Any CPU.ActiveCfg = Debug|Any CPU
		{9151E08B-6AAA-4621-A7AC-F3A244C2C7D6}.Debug|Any CPU.Build.0 = Debug|Any CPU
		{9151E08B-6AAA-4621-A7AC-F3A244C2C7D6}.Release|Any CPU.ActiveCfg = Release|Any CPU
		{9151E08B-6AAA-4621-A7AC-F3A244C2C7D6}.Release|Any CPU.Build.0 = Release|Any CPU
	EndGlobalSection
	GlobalSection(SolutionProperties) = preSolution
		HideSolutionNode = FALSE
	EndGlobalSection
	GlobalSection(ExtensibilityGlobals) = postSolution
		SolutionGuid = {F1C11ED3-AA9F-4AC4-82A2-35970B3B9466}
	EndGlobalSection
EndGlobal
